
Microsoft Visual Studio Solution File, Format Version 12.00
# Visual Studio Version 17
VisualStudioVersion = 17.10.34928.147
MinimumVisualStudioVersion = 10.0.40219.1
Project("{FAE04EC0-301F-11D3-BF4B-00C04F79EFBC}") = "CodeLab", "CodeLab.csproj", "{FFDC4077-1F33-4B5A-AE4D-7836D7C889B6}"
EndProject
Global
	GlobalSection(SolutionConfigurationPlatforms) = preSolution
		Debug|Any CPU = Debug|Any CPU
		Release|Any CPU = Release|Any CPU
	EndGlobalSection
	GlobalSection(ProjectConfigurationPlatforms) = postSolution
		{FFDC4077-1F33-4B5A-AE4D-7836D7C889B6}.Debug|Any CPU.ActiveCfg = Debug|Any CPU
		{FFDC4077-1F33-4B5A-AE4D-7836D7C889B6}.Debug|Any CPU.Build.0 = Debug|Any CPU
		{FFDC4077-1F33-4B5A-AE4D-7836D7C889B6}.Release|Any CPU.ActiveCfg = Release|Any CPU
		{FFDC4077-1F33-4B5A-AE4D-7836D7C889B6}.Release|Any CPU.Build.0 = Release|Any CPU
	EndGlobalSection
	GlobalSection(SolutionProperties) = preSolution
		HideSolutionNode = FALSE
	EndGlobalSection
	GlobalSection(ExtensibilityGlobals) = postSolution
		SolutionGuid = {BCAE4BF8-1A5B-49F7-B5C0-5A271B82CC2D}
	EndGlobalSection
EndGlobal
